// !$*UTF8*$!
{
	archiveVersion = 1;
	classes = {
	};
	objectVersion = 46;
	objects = {

/* Begin PBXBuildFile section */
		5D2C0500F7305BBADDB612EF /* libPods-RealmDemo.a in Frameworks */ = {isa = PBXBuildFile; fileRef = F8F1A5FC20585F2C649DA302 /* libPods-RealmDemo.a */; };
		8E2733CC1E5D5D3F009EBF23 /* main.m in Sources */ = {isa = PBXBuildFile; fileRef = 8E2733CB1E5D5D3F009EBF23 /* main.m */; };
		8E2733CF1E5D5D3F009EBF23 /* AppDelegate.m in Sources */ = {isa = PBXBuildFile; fileRef = 8E2733CE1E5D5D3F009EBF23 /* AppDelegate.m */; };
		8E2733D71E5D5D3F009EBF23 /* Assets.xcassets in Resources */ = {isa = PBXBuildFile; fileRef = 8E2733D61E5D5D3F009EBF23 /* Assets.xcassets */; };
		8E2733DA1E5D5D3F009EBF23 /* LaunchScreen.storyboard in Resources */ = {isa = PBXBuildFile; fileRef = 8E2733D81E5D5D3F009EBF23 /* LaunchScreen.storyboard */; };
		8E29ED7F1E7130B80033B938 /* RequestManager.m in Sources */ = {isa = PBXBuildFile; fileRef = 8E29ED7A1E7130B80033B938 /* RequestManager.m */; };
		8E29ED801E7130B80033B938 /* ResponseObject.m in Sources */ = {isa = PBXBuildFile; fileRef = 8E29ED7C1E7130B80033B938 /* ResponseObject.m */; };
		8E29ED811E7130B80033B938 /* ResultAnalyzer.m in Sources */ = {isa = PBXBuildFile; fileRef = 8E29ED7E1E7130B80033B938 /* ResultAnalyzer.m */; };
		8E29EDBA1E714BDB0033B938 /* AddUserViewController.m in Sources */ = {isa = PBXBuildFile; fileRef = 8E29EDB11E714BDB0033B938 /* AddUserViewController.m */; };
		8E29EDBB1E714BDB0033B938 /* DatabaseConfig.m in Sources */ = {isa = PBXBuildFile; fileRef = 8E29EDB31E714BDB0033B938 /* DatabaseConfig.m */; };
		8E29EDBC1E714BDB0033B938 /* LoginViewController.m in Sources */ = {isa = PBXBuildFile; fileRef = 8E29EDB51E714BDB0033B938 /* LoginViewController.m */; };
		8E29EDBD1E714BDB0033B938 /* LoginViewController.xib in Resources */ = {isa = PBXBuildFile; fileRef = 8E29EDB61E714BDB0033B938 /* LoginViewController.xib */; };
		8E29EDBE1E714BDB0033B938 /* Person.m in Sources */ = {isa = PBXBuildFile; fileRef = 8E29EDB71E714BDB0033B938 /* Person.m */; };
		8E29EDBF1E714BDB0033B938 /* UserListTableViewController.m in Sources */ = {isa = PBXBuildFile; fileRef = 8E29EDB91E714BDB0033B938 /* UserListTableViewController.m */; };
		8E29EDC41E714BE50033B938 /* JsonTableViewController.m in Sources */ = {isa = PBXBuildFile; fileRef = 8E29EDC11E714BE50033B938 /* JsonTableViewController.m */; };
		8E29EDC51E714BE50033B938 /* MCEpisode.m in Sources */ = {isa = PBXBuildFile; fileRef = 8E29EDC31E714BE50033B938 /* MCEpisode.m */; };
		8E29EDD41E714C830033B938 /* MCJSONDateTransformer.m in Sources */ = {isa = PBXBuildFile; fileRef = 8E29EDC91E714C830033B938 /* MCJSONDateTransformer.m */; };
		8E29EDD51E714C830033B938 /* MCJSONNonNullStringTransformer.m in Sources */ = {isa = PBXBuildFile; fileRef = 8E29EDCB1E714C830033B938 /* MCJSONNonNullStringTransformer.m */; };
		8E29EDD61E714C830033B938 /* MCJSONPrimaryKeyTransformer.m in Sources */ = {isa = PBXBuildFile; fileRef = 8E29EDCD1E714C830033B938 /* MCJSONPrimaryKeyTransformer.m */; };
		8E29EDD71E714C830033B938 /* MCJSONValueTransformer.m in Sources */ = {isa = PBXBuildFile; fileRef = 8E29EDCF1E714C830033B938 /* MCJSONValueTransformer.m */; };
		8E29EDD81E714C830033B938 /* RLMObject+Copying.m in Sources */ = {isa = PBXBuildFile; fileRef = 8E29EDD11E714C830033B938 /* RLMObject+Copying.m */; };
		8E29EDD91E714C830033B938 /* RLMObject+JSON.m in Sources */ = {isa = PBXBuildFile; fileRef = 8E29EDD31E714C830033B938 /* RLMObject+JSON.m */; };
		8E29EDDD1E7639FE0033B938 /* ShowCell.m in Sources */ = {isa = PBXBuildFile; fileRef = 8E29EDDB1E7639FE0033B938 /* ShowCell.m */; };
		8E29EDDE1E7639FE0033B938 /* ShowCell.xib in Resources */ = {isa = PBXBuildFile; fileRef = 8E29EDDC1E7639FE0033B938 /* ShowCell.xib */; };
		8E7F66BC1E77BDD70002DE5A /* QueryDataViewController.m in Sources */ = {isa = PBXBuildFile; fileRef = 8E7F66BB1E77BDD70002DE5A /* QueryDataViewController.m */; };
		8E7F66BF1E78E4720002DE5A /* Main.storyboard in Resources */ = {isa = PBXBuildFile; fileRef = 8E7F66BD1E78E4720002DE5A /* Main.storyboard */; };
/* End PBXBuildFile section */

/* Begin PBXFileReference section */
		40BAD4C49AAD7F8CBC8A40EA /* Pods-RealmDemo.debug.xcconfig */ = {isa = PBXFileReference; includeInIndex = 1; lastKnownFileType = text.xcconfig; name = "Pods-RealmDemo.debug.xcconfig"; path = "Pods/Target Support Files/Pods-RealmDemo/Pods-RealmDemo.debug.xcconfig"; sourceTree = "<group>"; };
		7C370CA2C125ECA60EDF7697 /* Pods-RealmDemo.release.xcconfig */ = {isa = PBXFileReference; includeInIndex = 1; lastKnownFileType = text.xcconfig; name = "Pods-RealmDemo.release.xcconfig"; path = "Pods/Target Support Files/Pods-RealmDemo/Pods-RealmDemo.release.xcconfig"; sourceTree = "<group>"; };
		8E2733C71E5D5D3E009EBF23 /* RealmDemo.app */ = {isa = PBXFileReference; explicitFileType = wrapper.application; includeInIndex = 0; path = RealmDemo.app; sourceTree = BUILT_PRODUCTS_DIR; };
		8E2733CB1E5D5D3F009EBF23 /* main.m */ = {isa = PBXFileReference; lastKnownFileType = sourcecode.c.objc; path = main.m; sourceTree = "<group>"; };
		8E2733CD1E5D5D3F009EBF23 /* AppDelegate.h */ = {isa = PBXFileReference; lastKnownFileType = sourcecode.c.h; path = AppDelegate.h; sourceTree = "<group>"; };
		8E2733CE1E5D5D3F009EBF23 /* AppDelegate.m */ = {isa = PBXFileReference; lastKnownFileType = sourcecode.c.objc; path = AppDelegate.m; sourceTree = "<group>"; };
		8E2733D61E5D5D3F009EBF23 /* Assets.xcassets */ = {isa = PBXFileReference; lastKnownFileType = folder.assetcatalog; path = Assets.xcassets; sourceTree = "<group>"; };
		8E2733D91E5D5D3F009EBF23 /* Base */ = {isa = PBXFileReference; lastKnownFileType = file.storyboard; name = Base; path = Base.lproj/LaunchScreen.storyboard; sourceTree = "<group>"; };
		8E2733DB1E5D5D3F009EBF23 /* Info.plist */ = {isa = PBXFileReference; lastKnownFileType = text.plist.xml; path = Info.plist; sourceTree = "<group>"; };
		8E29ED781E7130B80033B938 /* RequestHeader.h */ = {isa = PBXFileReference; fileEncoding = 4; lastKnownFileType = sourcecode.c.h; path = RequestHeader.h; sourceTree = "<group>"; };
		8E29ED791E7130B80033B938 /* RequestManager.h */ = {isa = PBXFileReference; fileEncoding = 4; lastKnownFileType = sourcecode.c.h; path = RequestManager.h; sourceTree = "<group>"; };
		8E29ED7A1E7130B80033B938 /* RequestManager.m */ = {isa = PBXFileReference; fileEncoding = 4; lastKnownFileType = sourcecode.c.objc; path = RequestManager.m; sourceTree = "<group>"; };
		8E29ED7B1E7130B80033B938 /* ResponseObject.h */ = {isa = PBXFileReference; fileEncoding = 4; lastKnownFileType = sourcecode.c.h; path = ResponseObject.h; sourceTree = "<group>"; };
		8E29ED7C1E7130B80033B938 /* ResponseObject.m */ = {isa = PBXFileReference; fileEncoding = 4; lastKnownFileType = sourcecode.c.objc; path = ResponseObject.m; sourceTree = "<group>"; };
		8E29ED7D1E7130B80033B938 /* ResultAnalyzer.h */ = {isa = PBXFileReference; fileEncoding = 4; lastKnownFileType = sourcecode.c.h; path = ResultAnalyzer.h; sourceTree = "<group>"; };
		8E29ED7E1E7130B80033B938 /* ResultAnalyzer.m */ = {isa = PBXFileReference; fileEncoding = 4; lastKnownFileType = sourcecode.c.objc; path = ResultAnalyzer.m; sourceTree = "<group>"; };
		8E29EDB01E714BDB0033B938 /* AddUserViewController.h */ = {isa = PBXFileReference; fileEncoding = 4; lastKnownFileType = sourcecode.c.h; path = AddUserViewController.h; sourceTree = "<group>"; };
		8E29EDB11E714BDB0033B938 /* AddUserViewController.m */ = {isa = PBXFileReference; fileEncoding = 4; lastKnownFileType = sourcecode.c.objc; path = AddUserViewController.m; sourceTree = "<group>"; };
		8E29EDB21E714BDB0033B938 /* DatabaseConfig.h */ = {isa = PBXFileReference; fileEncoding = 4; lastKnownFileType = sourcecode.c.h; path = DatabaseConfig.h; sourceTree = "<group>"; };
		8E29EDB31E714BDB0033B938 /* DatabaseConfig.m */ = {isa = PBXFileReference; fileEncoding = 4; lastKnownFileType = sourcecode.c.objc; path = DatabaseConfig.m; sourceTree = "<group>"; };
		8E29EDB41E714BDB0033B938 /* LoginViewController.h */ = {isa = PBXFileReference; fileEncoding = 4; lastKnownFileType = sourcecode.c.h; path = LoginViewController.h; sourceTree = "<group>"; };
		8E29EDB51E714BDB0033B938 /* LoginViewController.m */ = {isa = PBXFileReference; fileEncoding = 4; lastKnownFileType = sourcecode.c.objc; path = LoginViewController.m; sourceTree = "<group>"; };
		8E29EDB61E714BDB0033B938 /* LoginViewController.xib */ = {isa = PBXFileReference; fileEncoding = 4; lastKnownFileType = file.xib; path = LoginViewController.xib; sourceTree = "<group>"; };
		8E29EDB71E714BDB0033B938 /* Person.m */ = {isa = PBXFileReference; fileEncoding = 4; lastKnownFileType = sourcecode.c.objc; path = Person.m; sourceTree = "<group>"; };
		8E29EDB81E714BDB0033B938 /* UserListTableViewController.h */ = {isa = PBXFileReference; fileEncoding = 4; lastKnownFileType = sourcecode.c.h; path = UserListTableViewController.h; sourceTree = "<group>"; };
		8E29EDB91E714BDB0033B938 /* UserListTableViewController.m */ = {isa = PBXFileReference; fileEncoding = 4; lastKnownFileType = sourcecode.c.objc; path = UserListTableViewController.m; sourceTree = "<group>"; };
		8E29EDC01E714BE50033B938 /* JsonTableViewController.h */ = {isa = PBXFileReference; fileEncoding = 4; lastKnownFileType = sourcecode.c.h; path = JsonTableViewController.h; sourceTree = "<group>"; };
		8E29EDC11E714BE50033B938 /* JsonTableViewController.m */ = {isa = PBXFileReference; fileEncoding = 4; lastKnownFileType = sourcecode.c.objc; path = JsonTableViewController.m; sourceTree = "<group>"; };
		8E29EDC21E714BE50033B938 /* MCEpisode.h */ = {isa = PBXFileReference; fileEncoding = 4; lastKnownFileType = sourcecode.c.h; path = MCEpisode.h; sourceTree = "<group>"; };
		8E29EDC31E714BE50033B938 /* MCEpisode.m */ = {isa = PBXFileReference; fileEncoding = 4; lastKnownFileType = sourcecode.c.objc; path = MCEpisode.m; sourceTree = "<group>"; };
		8E29EDC61E714C1E0033B938 /* Person.h */ = {isa = PBXFileReference; fileEncoding = 4; lastKnownFileType = sourcecode.c.h; path = Person.h; sourceTree = "<group>"; };
		8E29EDC81E714C830033B938 /* MCJSONDateTransformer.h */ = {isa = PBXFileReference; fileEncoding = 4; lastKnownFileType = sourcecode.c.h; path = MCJSONDateTransformer.h; sourceTree = "<group>"; };
		8E29EDC91E714C830033B938 /* MCJSONDateTransformer.m */ = {isa = PBXFileReference; fileEncoding = 4; lastKnownFileType = sourcecode.c.objc; path = MCJSONDateTransformer.m; sourceTree = "<group>"; };
		8E29EDCA1E714C830033B938 /* MCJSONNonNullStringTransformer.h */ = {isa = PBXFileReference; fileEncoding = 4; lastKnownFileType = sourcecode.c.h; path = MCJSONNonNullStringTransformer.h; sourceTree = "<group>"; };
		8E29EDCB1E714C830033B938 /* MCJSONNonNullStringTransformer.m */ = {isa = PBXFileReference; fileEncoding = 4; lastKnownFileType = sourcecode.c.objc; path = MCJSONNonNullStringTransformer.m; sourceTree = "<group>"; };
		8E29EDCC1E714C830033B938 /* MCJSONPrimaryKeyTransformer.h */ = {isa = PBXFileReference; fileEncoding = 4; lastKnownFileType = sourcecode.c.h; path = MCJSONPrimaryKeyTransformer.h; sourceTree = "<group>"; };
		8E29EDCD1E714C830033B938 /* MCJSONPrimaryKeyTransformer.m */ = {isa = PBXFileReference; fileEncoding = 4; lastKnownFileType = sourcecode.c.objc; path = MCJSONPrimaryKeyTransformer.m; sourceTree = "<group>"; };
		8E29EDCE1E714C830033B938 /* MCJSONValueTransformer.h */ = {isa = PBXFileReference; fileEncoding = 4; lastKnownFileType = sourcecode.c.h; path = MCJSONValueTransformer.h; sourceTree = "<group>"; };
		8E29EDCF1E714C830033B938 /* MCJSONValueTransformer.m */ = {isa = PBXFileReference; fileEncoding = 4; lastKnownFileType = sourcecode.c.objc; path = MCJSONValueTransformer.m; sourceTree = "<group>"; };
		8E29EDD01E714C830033B938 /* RLMObject+Copying.h */ = {isa = PBXFileReference; fileEncoding = 4; lastKnownFileType = sourcecode.c.h; path = "RLMObject+Copying.h"; sourceTree = "<group>"; };
		8E29EDD11E714C830033B938 /* RLMObject+Copying.m */ = {isa = PBXFileReference; fileEncoding = 4; lastKnownFileType = sourcecode.c.objc; path = "RLMObject+Copying.m"; sourceTree = "<group>"; };
		8E29EDD21E714C830033B938 /* RLMObject+JSON.h */ = {isa = PBXFileReference; fileEncoding = 4; lastKnownFileType = sourcecode.c.h; path = "RLMObject+JSON.h"; sourceTree = "<group>"; };
		8E29EDD31E714C830033B938 /* RLMObject+JSON.m */ = {isa = PBXFileReference; fileEncoding = 4; lastKnownFileType = sourcecode.c.objc; path = "RLMObject+JSON.m"; sourceTree = "<group>"; };
		8E29EDDA1E7639FE0033B938 /* ShowCell.h */ = {isa = PBXFileReference; fileEncoding = 4; lastKnownFileType = sourcecode.c.h; path = ShowCell.h; sourceTree = "<group>"; };
		8E29EDDB1E7639FE0033B938 /* ShowCell.m */ = {isa = PBXFileReference; fileEncoding = 4; lastKnownFileType = sourcecode.c.objc; path = ShowCell.m; sourceTree = "<group>"; };
		8E29EDDC1E7639FE0033B938 /* ShowCell.xib */ = {isa = PBXFileReference; fileEncoding = 4; lastKnownFileType = file.xib; path = ShowCell.xib; sourceTree = "<group>"; };
		8E7F66BA1E77BDD70002DE5A /* QueryDataViewController.h */ = {isa = PBXFileReference; fileEncoding = 4; lastKnownFileType = sourcecode.c.h; path = QueryDataViewController.h; sourceTree = "<group>"; };
		8E7F66BB1E77BDD70002DE5A /* QueryDataViewController.m */ = {isa = PBXFileReference; fileEncoding = 4; lastKnownFileType = sourcecode.c.objc; path = QueryDataViewController.m; sourceTree = "<group>"; };
		8E7F66BE1E78E4720002DE5A /* Base */ = {isa = PBXFileReference; lastKnownFileType = file.storyboard; name = Base; path = Base.lproj/Main.storyboard; sourceTree = "<group>"; };
		F8F1A5FC20585F2C649DA302 /* libPods-RealmDemo.a */ = {isa = PBXFileReference; explicitFileType = archive.ar; includeInIndex = 0; path = "libPods-RealmDemo.a"; sourceTree = BUILT_PRODUCTS_DIR; };
/* End PBXFileReference section */

/* Begin PBXFrameworksBuildPhase section */
		8E2733C41E5D5D3E009EBF23 /* Frameworks */ = {
			isa = PBXFrameworksBuildPhase;
			buildActionMask = 2147483647;
			files = (
				5D2C0500F7305BBADDB612EF /* libPods-RealmDemo.a in Frameworks */,
			);
			runOnlyForDeploymentPostprocessing = 0;
		};
/* End PBXFrameworksBuildPhase section */

/* Begin PBXGroup section */
		22D842ADF110C19965E85DB0 /* Frameworks */ = {
			isa = PBXGroup;
			children = (
				F8F1A5FC20585F2C649DA302 /* libPods-RealmDemo.a */,
			);
			name = Frameworks;
			sourceTree = "<group>";
		};
		8E2733BE1E5D5D3E009EBF23 = {
			isa = PBXGroup;
			children = (
				8E2733C91E5D5D3E009EBF23 /* RealmDemo */,
				8E2733C81E5D5D3E009EBF23 /* Products */,
				DC119482AF639C6420EA2481 /* Pods */,
				22D842ADF110C19965E85DB0 /* Frameworks */,
			);
			sourceTree = "<group>";
		};
		8E2733C81E5D5D3E009EBF23 /* Products */ = {
			isa = PBXGroup;
			children = (
				8E2733C71E5D5D3E009EBF23 /* RealmDemo.app */,
			);
			name = Products;
			sourceTree = "<group>";
		};
		8E2733C91E5D5D3E009EBF23 /* RealmDemo */ = {
			isa = PBXGroup;
			children = (
				8E29EDC71E714C830033B938 /* Realm+JSON */,
				8E29ED771E7130B80033B938 /* Request */,
				8E97BCA31E5FC2F3000F80DE /* Controller */,
				8E2733CD1E5D5D3F009EBF23 /* AppDelegate.h */,
				8E2733CE1E5D5D3F009EBF23 /* AppDelegate.m */,
				8E2733D61E5D5D3F009EBF23 /* Assets.xcassets */,
				8E2733D81E5D5D3F009EBF23 /* LaunchScreen.storyboard */,
				8E7F66BD1E78E4720002DE5A /* Main.storyboard */,
				8E2733DB1E5D5D3F009EBF23 /* Info.plist */,
				8E2733CA1E5D5D3E009EBF23 /* Supporting Files */,
			);
			path = RealmDemo;
			sourceTree = "<group>";
		};
		8E2733CA1E5D5D3E009EBF23 /* Supporting Files */ = {
			isa = PBXGroup;
			children = (
				8E2733CB1E5D5D3F009EBF23 /* main.m */,
			);
			name = "Supporting Files";
			sourceTree = "<group>";
		};
		8E29ED771E7130B80033B938 /* Request */ = {
			isa = PBXGroup;
			children = (
				8E29ED781E7130B80033B938 /* RequestHeader.h */,
				8E29ED791E7130B80033B938 /* RequestManager.h */,
				8E29ED7A1E7130B80033B938 /* RequestManager.m */,
				8E29ED7B1E7130B80033B938 /* ResponseObject.h */,
				8E29ED7C1E7130B80033B938 /* ResponseObject.m */,
				8E29ED7D1E7130B80033B938 /* ResultAnalyzer.h */,
				8E29ED7E1E7130B80033B938 /* ResultAnalyzer.m */,
			);
			path = Request;
			sourceTree = "<group>";
		};
		8E29EDAE1E714B650033B938 /* 不同账号登陆 */ = {
			isa = PBXGroup;
			children = (
				8E29EDC61E714C1E0033B938 /* Person.h */,
				8E29EDB71E714BDB0033B938 /* Person.m */,
				8E29EDB01E714BDB0033B938 /* AddUserViewController.h */,
				8E29EDB11E714BDB0033B938 /* AddUserViewController.m */,
				8E29EDB21E714BDB0033B938 /* DatabaseConfig.h */,
				8E29EDB31E714BDB0033B938 /* DatabaseConfig.m */,
				8E29EDB41E714BDB0033B938 /* LoginViewController.h */,
				8E29EDB51E714BDB0033B938 /* LoginViewController.m */,
				8E29EDB61E714BDB0033B938 /* LoginViewController.xib */,
				8E29EDB81E714BDB0033B938 /* UserListTableViewController.h */,
				8E29EDB91E714BDB0033B938 /* UserListTableViewController.m */,
			);
			path = "不同账号登陆";
			sourceTree = "<group>";
		};
		8E29EDAF1E714B650033B938 /* JSON数据转换 */ = {
			isa = PBXGroup;
			children = (
				8E29EDC01E714BE50033B938 /* JsonTableViewController.h */,
				8E29EDC11E714BE50033B938 /* JsonTableViewController.m */,
				8E29EDC21E714BE50033B938 /* MCEpisode.h */,
				8E29EDC31E714BE50033B938 /* MCEpisode.m */,
				8E29EDDA1E7639FE0033B938 /* ShowCell.h */,
				8E29EDDB1E7639FE0033B938 /* ShowCell.m */,
				8E29EDDC1E7639FE0033B938 /* ShowCell.xib */,
			);
			path = "JSON数据转换";
			sourceTree = "<group>";
		};
		8E29EDC71E714C830033B938 /* Realm+JSON */ = {
			isa = PBXGroup;
			children = (
				8E29EDC81E714C830033B938 /* MCJSONDateTransformer.h */,
				8E29EDC91E714C830033B938 /* MCJSONDateTransformer.m */,
				8E29EDCA1E714C830033B938 /* MCJSONNonNullStringTransformer.h */,
				8E29EDCB1E714C830033B938 /* MCJSONNonNullStringTransformer.m */,
				8E29EDCC1E714C830033B938 /* MCJSONPrimaryKeyTransformer.h */,
				8E29EDCD1E714C830033B938 /* MCJSONPrimaryKeyTransformer.m */,
				8E29EDCE1E714C830033B938 /* MCJSONValueTransformer.h */,
				8E29EDCF1E714C830033B938 /* MCJSONValueTransformer.m */,
				8E29EDD01E714C830033B938 /* RLMObject+Copying.h */,
				8E29EDD11E714C830033B938 /* RLMObject+Copying.m */,
				8E29EDD21E714C830033B938 /* RLMObject+JSON.h */,
				8E29EDD31E714C830033B938 /* RLMObject+JSON.m */,
			);
			path = "Realm+JSON";
			sourceTree = "<group>";
		};
		8E7F66B91E77BDBE0002DE5A /* 数据查询 */ = {
			isa = PBXGroup;
			children = (
				8E7F66BA1E77BDD70002DE5A /* QueryDataViewController.h */,
				8E7F66BB1E77BDD70002DE5A /* QueryDataViewController.m */,
			);
			path = "数据查询";
			sourceTree = "<group>";
		};
		8E97BCA31E5FC2F3000F80DE /* Controller */ = {
			isa = PBXGroup;
			children = (
				8E7F66B91E77BDBE0002DE5A /* 数据查询 */,
				8E29EDAE1E714B650033B938 /* 不同账号登陆 */,
				8E29EDAF1E714B650033B938 /* JSON数据转换 */,
			);
			name = Controller;
			sourceTree = "<group>";
		};
		DC119482AF639C6420EA2481 /* Pods */ = {
			isa = PBXGroup;
			children = (
				40BAD4C49AAD7F8CBC8A40EA /* Pods-RealmDemo.debug.xcconfig */,
				7C370CA2C125ECA60EDF7697 /* Pods-RealmDemo.release.xcconfig */,
			);
			name = Pods;
			sourceTree = "<group>";
		};
/* End PBXGroup section */

/* Begin PBXNativeTarget section */
		8E2733C61E5D5D3E009EBF23 /* RealmDemo */ = {
			isa = PBXNativeTarget;
			buildConfigurationList = 8E2733DE1E5D5D3F009EBF23 /* Build configuration list for PBXNativeTarget "RealmDemo" */;
			buildPhases = (
				74997319E9DFC3E393F1A723 /* [CP] Check Pods Manifest.lock */,
				8E2733C31E5D5D3E009EBF23 /* Sources */,
				8E2733C41E5D5D3E009EBF23 /* Frameworks */,
				8E2733C51E5D5D3E009EBF23 /* Resources */,
				C5CA261312D980ABDB29B153 /* [CP] Embed Pods Frameworks */,
				75BEC81D1B4F55CA9B3252F6 /* [CP] Copy Pods Resources */,
			);
			buildRules = (
			);
			dependencies = (
			);
			name = RealmDemo;
			productName = RealmDemo;
			productReference = 8E2733C71E5D5D3E009EBF23 /* RealmDemo.app */;
			productType = "com.apple.product-type.application";
		};
/* End PBXNativeTarget section */

/* Begin PBXProject section */
		8E2733BF1E5D5D3E009EBF23 /* Project object */ = {
			isa = PBXProject;
			attributes = {
				LastUpgradeCheck = 0820;
				ORGANIZATIONNAME = 123456;
				TargetAttributes = {
					8E2733C61E5D5D3E009EBF23 = {
						CreatedOnToolsVersion = 8.2.1;
						DevelopmentTeam = 24BFU8L6E8;
						ProvisioningStyle = Automatic;
					};
				};
			};
			buildConfigurationList = 8E2733C21E5D5D3E009EBF23 /* Build configuration list for PBXProject "RealmDemo" */;
			compatibilityVersion = "Xcode 3.2";
			developmentRegion = English;
			hasScannedForEncodings = 0;
			knownRegions = (
				en,
				Base,
			);
			mainGroup = 8E2733BE1E5D5D3E009EBF23;
			productRefGroup = 8E2733C81E5D5D3E009EBF23 /* Products */;
			projectDirPath = "";
			projectRoot = "";
			targets = (
				8E2733C61E5D5D3E009EBF23 /* RealmDemo */,
			);
		};
/* End PBXProject section */

/* Begin PBXResourcesBuildPhase section */
		8E2733C51E5D5D3E009EBF23 /* Resources */ = {
			isa = PBXResourcesBuildPhase;
			buildActionMask = 2147483647;
			files = (
				8E29EDDE1E7639FE0033B938 /* ShowCell.xib in Resources */,
				8E7F66BF1E78E4720002DE5A /* Main.storyboard in Resources */,
				8E29EDBD1E714BDB0033B938 /* LoginViewController.xib in Resources */,
				8E2733DA1E5D5D3F009EBF23 /* LaunchScreen.storyboard in Resources */,
				8E2733D71E5D5D3F009EBF23 /* Assets.xcassets in Resources */,
			);
			runOnlyForDeploymentPostprocessing = 0;
		};
/* End PBXResourcesBuildPhase section */

/* Begin PBXShellScriptBuildPhase section */
		74997319E9DFC3E393F1A723 /* [CP] Check Pods Manifest.lock */ = {
			isa = PBXShellScriptBuildPhase;
			buildActionMask = 2147483647;
			files = (
			);
			inputPaths = (
			);
			name = "[CP] Check Pods Manifest.lock";
			outputPaths = (
			);
			runOnlyForDeploymentPostprocessing = 0;
			shellPath = /bin/sh;
			shellScript = "diff \"${PODS_ROOT}/../Podfile.lock\" \"${PODS_ROOT}/Manifest.lock\" > /dev/null\nif [ $? != 0 ] ; then\n    # print error to STDERR\n    echo \"error: The sandbox is not in sync with the Podfile.lock. Run 'pod install' or update your CocoaPods installation.\" >&2\n    exit 1\nfi\n";
			showEnvVarsInLog = 0;
		};
		75BEC81D1B4F55CA9B3252F6 /* [CP] Copy Pods Resources */ = {
			isa = PBXShellScriptBuildPhase;
			buildActionMask = 2147483647;
			files = (
			);
			inputPaths = (
			);
			name = "[CP] Copy Pods Resources";
			outputPaths = (
			);
			runOnlyForDeploymentPostprocessing = 0;
			shellPath = /bin/sh;
			shellScript = "\"${SRCROOT}/Pods/Target Support Files/Pods-RealmDemo/Pods-RealmDemo-resources.sh\"\n";
			showEnvVarsInLog = 0;
		};
		C5CA261312D980ABDB29B153 /* [CP] Embed Pods Frameworks */ = {
			isa = PBXShellScriptBuildPhase;
			buildActionMask = 2147483647;
			files = (
			);
			inputPaths = (
			);
			name = "[CP] Embed Pods Frameworks";
			outputPaths = (
			);
			runOnlyForDeploymentPostprocessing = 0;
			shellPath = /bin/sh;
			shellScript = "\"${SRCROOT}/Pods/Target Support Files/Pods-RealmDemo/Pods-RealmDemo-frameworks.sh\"\n";
			showEnvVarsInLog = 0;
		};
/* End PBXShellScriptBuildPhase section */

/* Begin PBXSourcesBuildPhase section */
		8E2733C31E5D5D3E009EBF23 /* Sources */ = {
			isa = PBXSourcesBuildPhase;
			buildActionMask = 2147483647;
			files = (
				8E2733CF1E5D5D3F009EBF23 /* AppDelegate.m in Sources */,
				8E29EDBC1E714BDB0033B938 /* LoginViewController.m in Sources */,
				8E29EDBB1E714BDB0033B938 /* DatabaseConfig.m in Sources */,
				8E7F66BC1E77BDD70002DE5A /* QueryDataViewController.m in Sources */,
				8E29EDBA1E714BDB0033B938 /* AddUserViewController.m in Sources */,
				8E29EDD61E714C830033B938 /* MCJSONPrimaryKeyTransformer.m in Sources */,
				8E29EDD51E714C830033B938 /* MCJSONNonNullStringTransformer.m in Sources */,
				8E29ED811E7130B80033B938 /* ResultAnalyzer.m in Sources */,
				8E29EDBF1E714BDB0033B938 /* UserListTableViewController.m in Sources */,
				8E29EDC41E714BE50033B938 /* JsonTableViewController.m in Sources */,
				8E29EDD81E714C830033B938 /* RLMObject+Copying.m in Sources */,
				8E29ED801E7130B80033B938 /* ResponseObject.m in Sources */,
				8E29EDBE1E714BDB0033B938 /* Person.m in Sources */,
				8E29EDC51E714BE50033B938 /* MCEpisode.m in Sources */,
				8E29EDD41E714C830033B938 /* MCJSONDateTransformer.m in Sources */,
				8E29EDD91E714C830033B938 /* RLMObject+JSON.m in Sources */,
				8E29EDD71E714C830033B938 /* MCJSONValueTransformer.m in Sources */,
				8E29EDDD1E7639FE0033B938 /* ShowCell.m in Sources */,
				8E2733CC1E5D5D3F009EBF23 /* main.m in Sources */,
				8E29ED7F1E7130B80033B938 /* RequestManager.m in Sources */,
			);
			runOnlyForDeploymentPostprocessing = 0;
		};
/* End PBXSourcesBuildPhase section */

/* Begin PBXVariantGroup section */
		8E2733D81E5D5D3F009EBF23 /* LaunchScreen.storyboard */ = {
			isa = PBXVariantGroup;
			children = (
				8E2733D91E5D5D3F009EBF23 /* Base */,
			);
			name = LaunchScreen.storyboard;
			sourceTree = "<group>";
		};
		8E7F66BD1E78E4720002DE5A /* Main.storyboard */ = {
			isa = PBXVariantGroup;
			children = (
				8E7F66BE1E78E4720002DE5A /* Base */,
			);
			name = Main.storyboard;
			sourceTree = "<group>";
		};
/* End PBXVariantGroup section */

/* Begin XCBuildConfiguration section */
		8E2733DC1E5D5D3F009EBF23 /* Debug */ = {
			isa = XCBuildConfiguration;
			buildSettings = {
				ALWAYS_SEARCH_USER_PATHS = NO;
				CLANG_ANALYZER_NONNULL = YES;
				CLANG_CXX_LANGUAGE_STANDARD = "gnu++0x";
				CLANG_CXX_LIBRARY = "libc++";
				CLANG_ENABLE_MODULES = YES;
				CLANG_ENABLE_OBJC_ARC = YES;
				CLANG_WARN_BOOL_CONVERSION = YES;
				CLANG_WARN_CONSTANT_CONVERSION = YES;
				CLANG_WARN_DIRECT_OBJC_ISA_USAGE = YES_ERROR;
				CLANG_WARN_DOCUMENTATION_COMMENTS = YES;
				CLANG_WARN_EMPTY_BODY = YES;
				CLANG_WARN_ENUM_CONVERSION = YES;
				CLANG_WARN_INFINITE_RECURSION = YES;
				CLANG_WARN_INT_CONVERSION = YES;
				CLANG_WARN_OBJC_ROOT_CLASS = YES_ERROR;
				CLANG_WARN_SUSPICIOUS_MOVE = YES;
				CLANG_WARN_UNREACHABLE_CODE = YES;
				CLANG_WARN__DUPLICATE_METHOD_MATCH = YES;
				"CODE_SIGN_IDENTITY[sdk=iphoneos*]" = "iPhone Developer";
				COPY_PHASE_STRIP = NO;
				DEBUG_INFORMATION_FORMAT = dwarf;
				ENABLE_STRICT_OBJC_MSGSEND = YES;
				ENABLE_TESTABILITY = YES;
				GCC_C_LANGUAGE_STANDARD = gnu99;
				GCC_DYNAMIC_NO_PIC = NO;
				GCC_NO_COMMON_BLOCKS = YES;
				GCC_OPTIMIZATION_LEVEL = 0;
				GCC_PREPROCESSOR_DEFINITIONS = (
					"DEBUG=1",
					"$(inherited)",
				);
				GCC_WARN_64_TO_32_BIT_CONVERSION = YES;
				GCC_WARN_ABOUT_RETURN_TYPE = YES_ERROR;
				GCC_WARN_UNDECLARED_SELECTOR = YES;
				GCC_WARN_UNINITIALIZED_AUTOS = YES_AGGRESSIVE;
				GCC_WARN_UNUSED_FUNCTION = YES;
				GCC_WARN_UNUSED_VARIABLE = YES;
				IPHONEOS_DEPLOYMENT_TARGET = 10.2;
				MTL_ENABLE_DEBUG_INFO = YES;
				ONLY_ACTIVE_ARCH = YES;
				SDKROOT = iphoneos;
			};
			name = Debug;
		};
		8E2733DD1E5D5D3F009EBF23 /* Release */ = {
			isa = XCBuildConfiguration;
			buildSettings = {
				ALWAYS_SEARCH_USER_PATHS = NO;
				CLANG_ANALYZER_NONNULL = YES;
				CLANG_CXX_LANGUAGE_STANDARD = "gnu++0x";
				CLANG_CXX_LIBRARY = "libc++";
				CLANG_ENABLE_MODULES = YES;
				CLANG_ENABLE_OBJC_ARC = YES;
				CLANG_WARN_BOOL_CONVERSION = YES;
				CLANG_WARN_CONSTANT_CONVERSION = YES;
				CLANG_WARN_DIRECT_OBJC_ISA_USAGE = YES_ERROR;
				CLANG_WARN_DOCUMENTATION_COMMENTS = YES;
				CLANG_WARN_EMPTY_BODY = YES;
				CLANG_WARN_ENUM_CONVERSION = YES;
				CLANG_WARN_INFINITE_RECURSION = YES;
				CLANG_WARN_INT_CONVERSION = YES;
				CLANG_WARN_OBJC_ROOT_CLASS = YES_ERROR;
				CLANG_WARN_SUSPICIOUS_MOVE = YES;
				CLANG_WARN_UNREACHABLE_CODE = YES;
				CLANG_WARN__DUPLICATE_METHOD_MATCH = YES;
				"CODE_SIGN_IDENTITY[sdk=iphoneos*]" = "iPhone Developer";
				COPY_PHASE_STRIP = NO;
				DEBUG_INFORMATION_FORMAT = "dwarf-with-dsym";
				ENABLE_NS_ASSERTIONS = NO;
				ENABLE_STRICT_OBJC_MSGSEND = YES;
				GCC_C_LANGUAGE_STANDARD = gnu99;
				GCC_NO_COMMON_BLOCKS = YES;
				GCC_WARN_64_TO_32_BIT_CONVERSION = YES;
				GCC_WARN_ABOUT_RETURN_TYPE = YES_ERROR;
				GCC_WARN_UNDECLARED_SELECTOR = YES;
				GCC_WARN_UNINITIALIZED_AUTOS = YES_AGGRESSIVE;
				GCC_WARN_UNUSED_FUNCTION = YES;
				GCC_WARN_UNUSED_VARIABLE = YES;
				IPHONEOS_DEPLOYMENT_TARGET = 10.2;
				MTL_ENABLE_DEBUG_INFO = NO;
				SDKROOT = iphoneos;
				VALIDATE_PRODUCT = YES;
			};
			name = Release;
		};
		8E2733DF1E5D5D3F009EBF23 /* Debug */ = {
			isa = XCBuildConfiguration;
			baseConfigurationReference = 40BAD4C49AAD7F8CBC8A40EA /* Pods-RealmDemo.debug.xcconfig */;
			buildSettings = {
				ASSETCATALOG_COMPILER_APPICON_NAME = AppIcon;
				DEVELOPMENT_TEAM = 24BFU8L6E8;
				INFOPLIST_FILE = RealmDemo/Info.plist;
				IPHONEOS_DEPLOYMENT_TARGET = 8.0;
				LD_RUNPATH_SEARCH_PATHS = "$(inherited) @executable_path/Frameworks";
				PRODUCT_BUNDLE_IDENTIFIER = "-3.RealmDemo";
				PRODUCT_NAME = "$(TARGET_NAME)";
			};
			name = Debug;
		};
		8E2733E01E5D5D3F009EBF23 /* Release */ = {
			isa = XCBuildConfiguration;
			baseConfigurationReference = 7C370CA2C125ECA60EDF7697 /* Pods-RealmDemo.release.xcconfig */;
			buildSettings = {
				ASSETCATALOG_COMPILER_APPICON_NAME = AppIcon;
				DEVELOPMENT_TEAM = 24BFU8L6E8;
				INFOPLIST_FILE = RealmDemo/Info.plist;
				IPHONEOS_DEPLOYMENT_TARGET = 8.0;
				LD_RUNPATH_SEARCH_PATHS = "$(inherited) @executable_path/Frameworks";
				PRODUCT_BUNDLE_IDENTIFIER = "-3.RealmDemo";
				PRODUCT_NAME = "$(TARGET_NAME)";
			};
			name = Release;
		};
/* End XCBuildConfiguration section */

/* Begin XCConfigurationList section */
		8E2733C21E5D5D3E009EBF23 /* Build configuration list for PBXProject "RealmDemo" */ = {
			isa = XCConfigurationList;
			buildConfigurations = (
				8E2733DC1E5D5D3F009EBF23 /* Debug */,
				8E2733DD1E5D5D3F009EBF23 /* Release */,
			);
			defaultConfigurationIsVisible = 0;
			defaultConfigurationName = Release;
		};
		8E2733DE1E5D5D3F009EBF23 /* Build configuration list for PBXNativeTarget "RealmDemo" */ = {
			isa = XCConfigurationList;
			buildConfigurations = (
				8E2733DF1E5D5D3F009EBF23 /* Debug */,
				8E2733E01E5D5D3F009EBF23 /* Release */,
			);
			defaultConfigurationIsVisible = 0;
			defaultConfigurationName = Release;
		};
/* End XCConfigurationList section */
	};
	rootObject = 8E2733BF1E5D5D3E009EBF23 /* Project object */;
}
